version = 1
revision = 3
requires-python = ">=3.14"

[[package]]
name = "default-project"
version = "0.1.0"
source = { editable = "." }
dependencies = [
    { name = "python-bidi" },
]

[package.metadata]
requires-dist = [{ name = "python-bidi", specifier = ">=0.6.11" }]

[[package]]
name = "python-bidi"
version = "0.6.11"
source = { registry = "https://pypi.org/simple" }
sdist = { url = "https://files.pythonhosted.org/packages/ce/e7/f168f2c3151aa05b9f9c9b2f7767bc8e06a133ea822c231ab497d4f36833/python_bidi-0.6.11.tar.gz", hash = "sha256:034090c597af250d699299d7e7f1e83eb016f9e47b3b707bd89ab2bdec77bce0", size = 57647, upload-time = "2026-06-30T14:23:42.626Z" }
wheels = [
    { url = "https://files.pythonhosted.org/packages/1a/dc/8d088a648845e60ee8d3d758251909320d6a51774181d2a3e72e985af0b8/python_bidi-0.6.11-cp314-cp314-macosx_10_12_x86_64.whl", hash = "sha256:5f3e1743b2d43377c4da5d687a03430a27f5769e158a9f75a50b05e7e82f4d21", size = 267877, upload-time = "2026-06-30T14:22:45.785Z" },
    { url = "https://files.pythonhosted.org/packages/ce/53/9c3e47a0579e5a3f168bb18ecfa197d494577ac19a1dd4557ecff99e2870/python_bidi-0.6.11-cp314-cp314-macosx_11_0_arm64.whl", hash = "sha256:6d9ef69c108b31f38e1f281a55fdedad7774bc1e952a45c8c14a18e891eee397", size = 265786, upload-time = "2026-06-30T14:22:35.254Z" },
    { url = "https://files.pythonhosted.org/packages/f6/51/3fc218678ac34a99065e45fdcc0209d2dd5e1f7766132fc4c58989a96d7d/python_bidi-0.6.11-cp314-cp314-manylinux_2_17_aarch64.manylinux2014_aarch64.whl", hash = "sha256:30d543b5baf9fca5ef5ec95647aa07c5e38fc7fa0f18be0c61d1d6c0a1032c6c", size = 293177, upload-time = "2026-06-30T14:21:32.962Z" },
    { url = "https://files.pythonhosted.org/packages/47/71/f359cfa65a6716f23c069d17b6e2b87a8c673f499753c7f9712979096f6a/python_bidi-0.6.11-cp314-cp314-manylinux_2_17_armv7l.manylinux2014_armv7l.whl", hash = "sha256:d14f2d400c75e07d1154299463a3d4d14aa5565b05088b2d9b314ccd9fd6dc3a", size = 297983, upload-time = "2026-06-30T14:21:43.731Z" },
    { url = "https://files.pythonhosted.org/packages/63/76/624bf0155d2b4fc2aa73e1276c22b66545a8d1f7280286c7e4dc443202db/python_bidi-0.6.11-cp314-cp314-manylinux_2_17_ppc64le.manylinux2014_ppc64le.whl", hash = "sha256:a4f4a0cd24c09df748bfdc207b089c00e7af19f3151063f4cd74ac658290186b", size = 418424, upload-time = "2026-06-30T14:21:54.25Z" },
    { url = "https://files.pythonhosted.org/packages/28/cf/4a919e5be87a352ccb48b0ad2c01e2bca5d1f804d927e17df67904af62dd/python_bidi-0.6.11-cp314-cp314-manylinux_2_17_s390x.manylinux2014_s390x.whl", hash = "sha256:2ff75d1befc335cbe85f834e81554a024f94d9b5d1dd75a5bd99af81a1cb783c", size = 319005, upload-time = "2026-06-30T14:22:04.514Z" },
    { url = "https://files.pythonhosted.org/packages/fa/25/2d9a3b0c4982ac60b8bc94b273eb7768cca18e92c5041807058fe81f4485/python_bidi-0.6.11-cp314-cp314-manylinux_2_17_x86_64.manylinux2014_x86_64.whl", hash = "sha256:959335cd3814cb767fb832c5c71cbc838ccd9231a812ef2cb43092a216a91d5b", size = 296830, upload-time = "2026-06-30T14:22:25.187Z" },
    { url = "https://files.pythonhosted.org/packages/61/d9/1798bf13b0e8167fee6a1bd0c2ec374c8d49a6de34a205a1a67bb8d45fb2/python_bidi-0.6.11-cp314-cp314-manylinux_2_5_i686.manylinux1_i686.whl", hash = "sha256:20ab47a4098577fc9a82816c330c89ff597c31ba69c98bc6a1b6a5737b03de05", size = 313852, upload-time = "2026-06-30T14:22:14.793Z" },
    { url = "https://files.pythonhosted.org/packages/25/aa/56a51fed9718e751a93ea3a4b894217a04cfaef0704159b400dee5fa5b4a/python_bidi-0.6.11-cp314-cp314-musllinux_1_2_aarch64.whl", hash = "sha256:60d9bf6c60c022657637f64897e63dc3f5b1c07cb7f0e1ead6150aff5150c5ab", size = 469382, upload-time = "2026-06-30T14:22:57.838Z" },
    { url = "https://files.pythonhosted.org/packages/c5/8b/82979c858cba237355aee8a2a35c317ba412c4bce494e8a51ccb1c9e5321/python_bidi-0.6.11-cp314-cp314-musllinux_1_2_armv7l.whl", hash = "sha256:cd564b8c583eba2d230d02d0467fd840045f08856b6524555cfff7f32af63c72", size = 573783, upload-time = "2026-06-30T14:23:10.012Z" },
    { url = "https://files.pythonhosted.org/packages/0f/55/a88d71d784144283f4e53a9849c4788c8a5fcce56a1690e073c014fa34fe/python_bidi-0.6.11-cp314-cp314-musllinux_1_2_i686.whl", hash = "sha256:fc3b0a6e2460f68de9ab98f71e3098bb21bb984563417ad104dec7ab08ebcadc", size = 534229, upload-time = "2026-06-30T14:23:22.108Z" },
    { url = "https://files.pythonhosted.org/packages/1c/f1/c50692fd2cfccb563fecac7c53af00c141bd9bed09fb9cd626e0d765c53d/python_bidi-0.6.11-cp314-cp314-musllinux_1_2_x86_64.whl", hash = "sha256:3bdb64ee0a74951465cd4a761e1029e73806ff43b2fe5be98643e52da5cabb66", size = 501275, upload-time = "2026-06-30T14:23:35.379Z" },
    { url = "https://files.pythonhosted.org/packages/ad/0f/4a83866615b86572d0854b9623e7c44de51a7d3e21b16880cfeb0fdc1b49/python_bidi-0.6.11-cp314-cp314-win32.whl", hash = "sha256:f237ebb570fd8bbe479b6967374d82b7f0b26f9452c276bdd5f793d83e7062bd", size = 157398, upload-time = "2026-06-30T14:23:57.202Z" },
    { url = "https://files.pythonhosted.org/packages/90/78/bf20f1ab2cafaf744df006691e0f7d292f95f7c01fbaced92f5970ab3f8a/python_bidi-0.6.11-cp314-cp314-win_amd64.whl", hash = "sha256:8fbb6d222b50324fb9d49b6ff0f8566fa97b907a68c00e6622fcf34463104f4a", size = 161347, upload-time = "2026-06-30T14:23:47.921Z" },
    { url = "https://files.pythonhosted.org/packages/4d/da/cabfc8c055b53d845de46a78b641996a8ca2e4b9f7c9667fc8a54e7c9030/python_bidi-0.6.11-cp314-cp314t-macosx_10_12_x86_64.whl", hash = "sha256:43f3e81bdd36f49171b7de6cf471086df503c29555f6f7f035ebe8f8ec1da779", size = 267716, upload-time = "2026-06-30T14:22:46.973Z" },
    { url = "https://files.pythonhosted.org/packages/b7/0e/2839f8671a2201c5e1776e04ac48170e9b8a6c989147fe1b656d19603c7a/python_bidi-0.6.11-cp314-cp314t-macosx_11_0_arm64.whl", hash = "sha256:d7291e13496cb74fc1b71f7f1e3628586afefa531102bb4fa7af9c2d543efc3c", size = 265337, upload-time = "2026-06-30T14:22:36.426Z" },
    { url = "https://files.pythonhosted.org/packages/7c/b8/561bfe22ac7ad3de4017542c4c6c192d0fa83a416ab2e0a66728c898e937/python_bidi-0.6.11-cp314-cp314t-manylinux_2_17_aarch64.manylinux2014_aarch64.whl", hash = "sha256:4ccf1fe9ecb3b02a1a11b103cd2557e2653d82c141b6e2dccec8177e6af5c4bb", size = 292362, upload-time = "2026-06-30T14:21:34.19Z" },
    { url = "https://files.pythonhosted.org/packages/45/ae/2b1159ac11e4516f566d83572481a0ca453abe132a43db4c048931676bfd/python_bidi-0.6.11-cp314-cp314t-manylinux_2_17_armv7l.manylinux2014_armv7l.whl", hash = "sha256:f400a30573774a1e90c0d50d43c35d9c004afcf53de801bbfd259f84ea80f31c", size = 297068, upload-time = "2026-06-30T14:21:44.769Z" },
    { url = "https://files.pythonhosted.org/packages/b6/d1/cf4c90a99d54ac01aeb186335dbf5a9cb89b3afbd5adc0b77b5c6f826134/python_bidi-0.6.11-cp314-cp314t-manylinux_2_17_ppc64le.manylinux2014_ppc64le.whl", hash = "sha256:788c11c84b520ea973992cc95751d56b783ff5857df504c1347d99cacd2fcfe7", size = 416236, upload-time = "2026-06-30T14:21:55.374Z" },
    { url = "https://files.pythonhosted.org/packages/ed/89/526f2b7be7c2e0d72dee52955538f816b7855e20d4a8e092516c13cbef78/python_bidi-0.6.11-cp314-cp314t-manylinux_2_17_s390x.manylinux2014_s390x.whl", hash = "sha256:879c3fba3e7511c7d01020449d970ca7d6a593f20cfc47c014d3d229a38930b2", size = 318604, upload-time = "2026-06-30T14:22:05.574Z" },
    { url = "https://files.pythonhosted.org/packages/67/a7/779464d0a6a96566f77bf8b76ec3d83cefadd8210ac758f4492942192357/python_bidi-0.6.11-cp314-cp314t-manylinux_2_17_x86_64.manylinux2014_x86_64.whl", hash = "sha256:6dc112e2239f69913273cbb0c050ca816b145b32037d4266c430159c5ddcdab2", size = 296857, upload-time = "2026-06-30T14:22:26.36Z" },
    { url = "https://files.pythonhosted.org/packages/8e/bf/cba41041e3a4369be495011bd773aaedefbfef59d6c21e121e61f8ac1e2b/python_bidi-0.6.11-cp314-cp314t-manylinux_2_5_i686.manylinux1_i686.whl", hash = "sha256:19bae96ff1ee76b3a7dc962598b69426538e3021460cf85a4017437548ab6947", size = 313478, upload-time = "2026-06-30T14:22:15.968Z" },
    { url = "https://files.pythonhosted.org/packages/be/88/a4cd8dea27cab1eee8ee33be1ee2a948a7a53d37beb071811d2a0aa328d1/python_bidi-0.6.11-cp314-cp314t-musllinux_1_2_aarch64.whl", hash = "sha256:565d819fddb2bbc58c42ca5c97d73da7567f181115011e8f04c76b9d08378dcd", size = 468573, upload-time = "2026-06-30T14:22:59.11Z" },
    { url = "https://files.pythonhosted.org/packages/a5/f3/9d8954d038e876386bb36fce4f0df61c6cf5b0664e69ab4c1914420d397e/python_bidi-0.6.11-cp314-cp314t-musllinux_1_2_armv7l.whl", hash = "sha256:e6c474618a7b6a50c10007f8a9edb50def6d98d297a07a34dc2fb82c344f2b8b", size = 572916, upload-time = "2026-06-30T14:23:11.277Z" },
    { url = "https://files.pythonhosted.org/packages/ae/02/a5f8763031912748e17e0f0e06e7056b377754c3a084432f6c7f32847acd/python_bidi-0.6.11-cp314-cp314t-musllinux_1_2_i686.whl", hash = "sha256:73c38c604bfc01647c69ce38e5cf8b4206e2ede91ca3eb8e5d79b7409f17e0b3", size = 533968, upload-time = "2026-06-30T14:23:24.072Z" },
    { url = "https://files.pythonhosted.org/packages/fe/5c/823d93e8ea9e05e77eb76eace84ea9879fe876890da616a41077b8c7ffd5/python_bidi-0.6.11-cp314-cp314t-musllinux_1_2_x86_64.whl", hash = "sha256:c26cd9d81f820159026b1c99905ca12bf13892e3f6a9303359fef42fe6f39e50", size = 500671, upload-time = "2026-06-30T14:23:36.907Z" },
    { url = "https://files.pythonhosted.org/packages/a1/00/9d16556d2e0bb4a4b2132fa37fc6235e333c6bf5bccd1375ce0a15ea1db1/python_bidi-0.6.11-cp314-cp314t-win32.whl", hash = "sha256:dfbb9ba8343a60daf4ced67c11d551dafe9a3c94892c326e4c216fa2e6eca802", size = 157355, upload-time = "2026-06-30T14:23:58.321Z" },
    { url = "https://files.pythonhosted.org/packages/9a/b6/13ea093c161da232a6eb534d420fe575ad802b0c8184860fe4f3881fbc08/python_bidi-0.6.11-cp314-cp314t-win_amd64.whl", hash = "sha256:6623683fe39b9fbf508e3069f17e8e9cab26143f9d9f89c8a8f45424c052df4f", size = 161439, upload-time = "2026-06-30T14:23:49.011Z" },
]
